<?xml version="1.0" encoding="utf-8"?>
<Project ToolsVersion="4.0" xmlns="http://schemas.microsoft.com/developer/msbuild/2003">
  <ItemGroup>
    <Filter Include="Components">
      <UniqueIdentifier>{f7f10c0d-84b9-44d3-90be-0bb34f409e60}</UniqueIdentifier>
    </Filter>
    <Filter Include="Helpers">
      <UniqueIdentifier>{2a03d4ed-e2e1-48ec-91b5-e853657cd1ff}</UniqueIdentifier>
    </Filter>
    <Filter Include="Managers">
      <UniqueIdentifier>{2ff3a82f-58cc-47e0-a4ad-a4abbd4fee88}</UniqueIdentifier>
    </Filter>
    <Filter Include="Data Types">
      <UniqueIdentifier>{67DA6AB6-F800-4c08-8B7A-83BB121AAD01}</UniqueIdentifier>
      <Extensions>rc;ico;cur;bmp;dlg;rc2;rct;bin;rgs;gif;jpg;jpeg;jpe;resx;tiff;tif;png;wav;mfcribbon-ms</Extensions>
    </Filter>
    <Filter Include="Game Loop">
      <UniqueIdentifier>{7786c41b-4752-423c-a6e5-543269c6b9a7}</UniqueIdentifier>
    </Filter>
    <Filter Include="Engine">
      <UniqueIdentifier>{4FC737F1-C7A5-4376-A066-2A32D752A2FF}</UniqueIdentifier>
      <Extensions>cpp;c;cc;cxx;def;odl;idl;hpj;bat;asm;asmx</Extensions>
    </Filter>
    <Filter Include="Events">
      <UniqueIdentifier>{0ab7a686-1f5a-420e-a00e-909fd15f887f}</UniqueIdentifier>
    </Filter>
    <Filter Include="Events\ObserverPattern">
      <UniqueIdentifier>{10679062-40a5-4a8d-932c-52fcc37a11b8}</UniqueIdentifier>
    </Filter>
    <Filter Include="Events\ObserverPattern\Interface">
      <UniqueIdentifier>{782fb810-5fb0-4026-ae8e-8a03a0c5d1c7}</UniqueIdentifier>
    </Filter>
    <Filter Include="ImGui">
      <UniqueIdentifier>{bf503e89-4dea-4667-92a2-be8118e585b8}</UniqueIdentifier>
    </Filter>
    <Filter Include="Services">
      <UniqueIdentifier>{804d6026-e58a-4ab5-8c77-e17780c4cf00}</UniqueIdentifier>
    </Filter>
    <Filter Include="Rutils">
      <UniqueIdentifier>{e43c8281-f536-4351-ba03-d15463978ce6}</UniqueIdentifier>
    </Filter>
    <Filter Include="Services\AudioService">
      <UniqueIdentifier>{cd5ec5b0-971a-4023-9d32-da4f82b6f49b}</UniqueIdentifier>
    </Filter>
    <Filter Include="Services\AudioService\SDL">
      <UniqueIdentifier>{0f114be2-5717-46e8-817d-1115f78278b6}</UniqueIdentifier>
    </Filter>
    <Filter Include="Services\AudioService\FMOD">
      <UniqueIdentifier>{4087718d-6eb4-4a0b-9135-5564aff3b10d}</UniqueIdentifier>
    </Filter>
    <Filter Include="Input">
      <UniqueIdentifier>{1aa79b7e-04f7-49ee-aba4-f0ca834a607f}</UniqueIdentifier>
    </Filter>
  </ItemGroup>
  <ItemGroup>
    <ClInclude Include="RujinPCH.h" />
    <ClInclude Include="Component.h">
      <Filter>Components</Filter>
    </ClInclude>
    <ClInclude Include="FpsComponent.h">
      <Filter>Components</Filter>
    </ClInclude>
    <ClInclude Include="TextComponent.h">
      <Filter>Components</Filter>
    </ClInclude>
    <ClInclude Include="TextureRenderComponent.h">
      <Filter>Components</Filter>
    </ClInclude>
    <ClInclude Include="TransformComponent.h">
      <Filter>Components</Filter>
    </ClInclude>
    <ClInclude Include="InputManager.h">
      <Filter>Managers</Filter>
    </ClInclude>
    <ClInclude Include="ResourceManager.h">
      <Filter>Managers</Filter>
    </ClInclude>
    <ClInclude Include="SceneManager.h">
      <Filter>Managers</Filter>
    </ClInclude>
    <ClInclude Include="Texture.h">
      <Filter>Data Types</Filter>
    </ClInclude>
    <ClInclude Include="Subject.h">
      <Filter>Events\ObserverPattern\Interface</Filter>
    </ClInclude>
    <ClInclude Include="IObserver.h">
      <Filter>Events\ObserverPattern\Interface</Filter>
    </ClInclude>
    <ClInclude Include="Font.h">
      <Filter>Data Types</Filter>
    </ClInclude>
    <ClInclude Include="IGameLoopObject.h">
      <Filter>Game Loop</Filter>
    </ClInclude>
    <ClInclude Include="Scene.h">
      <Filter>Game Loop</Filter>
    </ClInclude>
    <ClInclude Include="Renderer.h">
      <Filter>Game Loop</Filter>
    </ClInclude>
    <ClInclude Include="Singleton.h">
      <Filter>Helpers</Filter>
    </ClInclude>
    <ClInclude Include="Rujin.h">
      <Filter>Engine</Filter>
    </ClInclude>
    <ClInclude Include="..\3rdParty\imgui-1.86\imgui.h">
      <Filter>ImGui</Filter>
    </ClInclude>
    <ClInclude Include="..\3rdParty\imgui-1.86\imgui_internal.h">
      <Filter>ImGui</Filter>
    </ClInclude>
    <ClInclude Include="..\3rdParty\imgui-1.86\imgui_plot.h">
      <Filter>ImGui</Filter>
    </ClInclude>
    <ClInclude Include="..\3rdParty\imgui-1.86\imstb_textedit.h">
      <Filter>ImGui</Filter>
    </ClInclude>
    <ClInclude Include="..\3rdParty\imgui-1.86\imstb_rectpack.h">
      <Filter>ImGui</Filter>
    </ClInclude>
    <ClInclude Include="..\3rdParty\imgui-1.86\imconfig.h">
      <Filter>ImGui</Filter>
    </ClInclude>
    <ClInclude Include="..\3rdParty\imgui-1.86\imstb_truetype.h">
      <Filter>ImGui</Filter>
    </ClInclude>
    <ClInclude Include="GameObject.h">
      <Filter>Game Loop</Filter>
    </ClInclude>
    <ClInclude Include="..\3rdParty\imgui-1.86\backends\imgui_impl_sdl.h">
      <Filter>ImGui</Filter>
    </ClInclude>
    <ClInclude Include="..\3rdParty\imgui-1.86\backends\imgui_impl_opengl2.h">
      <Filter>ImGui</Filter>
    </ClInclude>
    <ClInclude Include="ServiceLocator.h">
      <Filter>Services</Filter>
    </ClInclude>
    <ClInclude Include="TextRenderComponent.h">
      <Filter>Components</Filter>
    </ClInclude>
    <ClInclude Include="Service.h">
      <Filter>Services</Filter>
    </ClInclude>
    <ClInclude Include="Rutils\Macros.h">
      <Filter>Rutils</Filter>
    </ClInclude>
    <ClInclude Include="Rutils\Logger.h">
      <Filter>Rutils</Filter>
    </ClInclude>
    <ClInclude Include="Rutils\General.h">
      <Filter>Rutils</Filter>
    </ClInclude>
    <ClInclude Include="AudioService.h">
      <Filter>Services\AudioService</Filter>
    </ClInclude>
    <ClInclude Include="Null_AudioProvider.h">
      <Filter>Services\AudioService</Filter>
    </ClInclude>
    <ClInclude Include="SDL_AudioProvider.h">
      <Filter>Services\AudioService\SDL</Filter>
    </ClInclude>
    <ClInclude Include="FMOD_AudioProvider.h">
      <Filter>Services\AudioService\FMOD</Filter>
    </ClInclude>
    <ClInclude Include="InputSession.h">
      <Filter>Input</Filter>
    </ClInclude>
    <ClInclude Include="InputStructs.h">
      <Filter>Input</Filter>
    </ClInclude>
    <ClInclude Include="PlayerInput.h">
      <Filter>Input</Filter>
    </ClInclude>
    <ClInclude Include="InputActions.h">
      <Filter>Input</Filter>
    </ClInclude>
    <ClInclude Include="KeyboardAndMouseInputSession.h">
      <Filter>Input</Filter>
    </ClInclude>
    <ClInclude Include="GamepadInputSession.h">
      <Filter>Input</Filter>
    </ClInclude>
    <ClInclude Include="IGame.h">
      <Filter>Engine</Filter>
    </ClInclude>
    <ClInclude Include="StatefullObject.h">
      <Filter>Game Loop</Filter>
    </ClInclude>
    <ClInclude Include="EventData.h">
      <Filter>Events\ObserverPattern\Interface</Filter>
    </ClInclude>
    <ClInclude Include="Rutils\DeltaTimer.h">
      <Filter>Rutils</Filter>
    </ClInclude>
    <ClInclude Include="BitMaskOperators.h">
      <Filter>Rutils</Filter>
    </ClInclude>
    <ClInclude Include="Structs.h">
      <Filter>Data Types</Filter>
    </ClInclude>
    <ClInclude Include="Camera.h">
      <Filter>Helpers</Filter>
    </ClInclude>
  </ItemGroup>
  <ItemGroup>
    <ClCompile Include="Rujin.cpp">
      <Filter>Engine</Filter>
    </ClCompile>
    <ClCompile Include="Component.cpp">
      <Filter>Components</Filter>
    </ClCompile>
    <ClCompile Include="FpsComponent.cpp">
      <Filter>Components</Filter>
    </ClCompile>
    <ClCompile Include="TextComponent.cpp">
      <Filter>Components</Filter>
    </ClCompile>
    <ClCompile Include="TextureRenderComponent.cpp">
      <Filter>Components</Filter>
    </ClCompile>
    <ClCompile Include="TransformComponent.cpp">
      <Filter>Components</Filter>
    </ClCompile>
    <ClCompile Include="InputManager.cpp">
      <Filter>Managers</Filter>
    </ClCompile>
    <ClCompile Include="ResourceManager.cpp">
      <Filter>Managers</Filter>
    </ClCompile>
    <ClCompile Include="SceneManager.cpp">
      <Filter>Managers</Filter>
    </ClCompile>
    <ClCompile Include="GameObject.cpp">
      <Filter>Game Loop</Filter>
    </ClCompile>
    <ClCompile Include="Font.cpp">
      <Filter>Data Types</Filter>
    </ClCompile>
    <ClCompile Include="Renderer.cpp">
      <Filter>Game Loop</Filter>
    </ClCompile>
    <ClCompile Include="Texture.cpp">
      <Filter>Data Types</Filter>
    </ClCompile>
    <ClCompile Include="Scene.cpp">
      <Filter>Game Loop</Filter>
    </ClCompile>
    <ClCompile Include="..\3rdParty\imgui-1.86\imgui.cpp">
      <Filter>ImGui</Filter>
    </ClCompile>
    <ClCompile Include="..\3rdParty\imgui-1.86\imgui_demo.cpp">
      <Filter>ImGui</Filter>
    </ClCompile>
    <ClCompile Include="..\3rdParty\imgui-1.86\imgui_draw.cpp">
      <Filter>ImGui</Filter>
    </ClCompile>
    <ClCompile Include="..\3rdParty\imgui-1.86\imgui_plot.cpp">
      <Filter>ImGui</Filter>
    </ClCompile>
    <ClCompile Include="..\3rdParty\imgui-1.86\imgui_tables.cpp">
      <Filter>ImGui</Filter>
    </ClCompile>
    <ClCompile Include="..\3rdParty\imgui-1.86\imgui_widgets.cpp">
      <Filter>ImGui</Filter>
    </ClCompile>
    <ClCompile Include="..\3rdParty\imgui-1.86\backends\imgui_impl_sdl.cpp">
      <Filter>ImGui</Filter>
    </ClCompile>
    <ClCompile Include="..\3rdParty\imgui-1.86\backends\imgui_impl_opengl2.cpp">
      <Filter>ImGui</Filter>
    </ClCompile>
    <ClCompile Include="TextRenderComponent.cpp">
      <Filter>Components</Filter>
    </ClCompile>
    <ClCompile Include="RujinPCH.cpp" />
    <ClCompile Include="Rutils\General.cpp">
      <Filter>Rutils</Filter>
    </ClCompile>
    <ClCompile Include="Rutils\Logger.cpp">
      <Filter>Rutils</Filter>
    </ClCompile>
    <ClCompile Include="SDL_AudioProvider.cpp">
      <Filter>Services\AudioService\SDL</Filter>
    </ClCompile>
    <ClCompile Include="FMOD_AudioProvider.cpp">
      <Filter>Services\AudioService\FMOD</Filter>
    </ClCompile>
    <ClCompile Include="InputSession.cpp">
      <Filter>Input</Filter>
    </ClCompile>
    <ClCompile Include="PlayerInput.cpp">
      <Filter>Input</Filter>
    </ClCompile>
    <ClCompile Include="KeyboardAndMouseInputSession.cpp">
      <Filter>Input</Filter>
    </ClCompile>
    <ClCompile Include="GamepadInputSession.cpp">
      <Filter>Input</Filter>
    </ClCompile>
    <ClCompile Include="StatefullObject.cpp">
      <Filter>Game Loop</Filter>
    </ClCompile>
    <ClCompile Include="Rutils\DeltaTimer.cpp">
      <Filter>Rutils</Filter>
    </ClCompile>
    <ClCompile Include="Structs.cpp">
      <Filter>Data Types</Filter>
    </ClCompile>
    <ClCompile Include="Camera.cpp">
      <Filter>Helpers</Filter>
    </ClCompile>
  </ItemGroup>
</Project>