<?xml version="1.0" encoding="utf-8"?>
<Project ToolsVersion="4.0" xmlns="http://schemas.microsoft.com/developer/msbuild/2003">
  <ItemGroup>
    <Filter Include="Components">
      <UniqueIdentifier>{93995380-89BD-4b04-88EB-625FBE52EBFB}</UniqueIdentifier>
      <Extensions>h;hh;hpp;hxx;h++;hm;inl;inc;ipp;xsd</Extensions>
    </Filter>
    <Filter Include="Main">
      <UniqueIdentifier>{4FC737F1-C7A5-4376-A066-2A32D752A2FF}</UniqueIdentifier>
      <Extensions>cpp;c;cc;cxx;c++;cppm;ixx;def;odl;idl;hpj;bat;asm;asmx</Extensions>
    </Filter>
    <Filter Include="Scenes">
      <UniqueIdentifier>{a030a4a8-9930-4f31-9752-2c9839168e6f}</UniqueIdentifier>
    </Filter>
  </ItemGroup>
  <ItemGroup>
    <ClCompile Include="Main.cpp">
      <Filter>Main</Filter>
    </ClCompile>
    <ClCompile Include="TronPCH.cpp">
      <Filter>Main</Filter>
    </ClCompile>
    <ClCompile Include="Tron.cpp">
      <Filter>Main</Filter>
    </ClCompile>
    <ClCompile Include="TronTestComponent.cpp">
      <Filter>Components</Filter>
    </ClCompile>
    <ClCompile Include="TronPlayerComponent.cpp">
      <Filter>Components</Filter>
    </ClCompile>
    <ClCompile Include="CollisionTestComponent.cpp">
      <Filter>Components</Filter>
    </ClCompile>
  </ItemGroup>
  <ItemGroup>
    <ClInclude Include="TronPCH.h">
      <Filter>Main</Filter>
    </ClInclude>
    <ClInclude Include="Tron.h">
      <Filter>Main</Filter>
    </ClInclude>
    <ClInclude Include="..\Rujin\GameEvents.h">
      <Filter>Main</Filter>
    </ClInclude>
    <ClInclude Include="TronTestComponent.h">
      <Filter>Components</Filter>
    </ClInclude>
    <ClInclude Include="TronPlayerComponent.h">
      <Filter>Components</Filter>
    </ClInclude>
    <ClInclude Include="InputEvents.h">
      <Filter>Components</Filter>
    </ClInclude>
    <ClInclude Include="CollisionTestComponent.h">
      <Filter>Components</Filter>
    </ClInclude>
  </ItemGroup>
</Project>